[root]
name = "unix-sockets"
version = "0.0.1"
dependencies = [
 "rust-crypto 0.2.6 (git+https://github.com/DaGenix/rust-crypto)",
]

[[package]]
name = "gcc"
version = "0.1.2"
source = "registry+https://github.com/rust-lang/crates.io-index"

[[package]]
name = "rust-crypto"
version = "0.2.6"
source = "git+https://github.com/DaGenix/rust-crypto#d528f48784e1d827aa3ce6475c7ccc1ad352d3d4"
dependencies = [
 "rustc-serialize 0.1.5 (registry+https://github.com/rust-lang/crates.io-index)",
 "time 0.1.5 (registry+https://github.com/rust-lang/crates.io-index)",
]

[[package]]
name = "rustc-serialize"
version = "0.1.5"
source = "registry+https://github.com/rust-lang/crates.io-index"

[[package]]
name = "time"
version = "0.1.5"
source = "registry+https://github.com/rust-lang/crates.io-index"
dependencies = [
 "gcc 0.1.2 (registry+https://github.com/rust-lang/crates.io-index)",
]

